{
  "version": 4,
  "terraform_version": "1.9.4",
  "serial": 5,
  "lineage": "773edabf-bb9f-5213-b9aa-3143c2ebd77c",
  "outputs": {
    "my_vpc_id": {
      "value": "My VPC ID is vpc-0916db76d78c3e5fc",
      "type": "string"
    },
    "my_vpc_name": {
      "value": {
        "Name": "uat-vpc-01"
      },
      "type": [
        "map",
        "string"
      ]
    },
    "my_zones": {
      "value": [
        "ap-southeast-1a",
        "ap-southeast-1b",
        "ap-southeast-1c"
      ],
      "type": [
        "list",
        "string"
      ]
    }
  },
  "resources": [
    {
      "mode": "data",
      "type": "aws_availability_zones",
      "name": "available",
      "provider": "provider[\"registry.terraform.io/hashicorp/aws\"]",
      "instances": [
        {
          "schema_version": 0,
          "attributes": {
            "all_availability_zones": null,
            "exclude_names": null,
            "exclude_zone_ids": null,
            "filter": [
              {
                "name": "zone-type",
                "values": [
                  "availability-zone"
                ]
              }
            ],
            "group_names": [
              "ap-southeast-1"
            ],
            "id": "ap-southeast-1",
            "names": [
              "ap-southeast-1a",
              "ap-southeast-1b",
              "ap-southeast-1c"
            ],
            "state": "available",
            "timeouts": null,
            "zone_ids": [
              "apse1-az2",
              "apse1-az1",
              "apse1-az3"
            ]
          },
          "sensitive_attributes": []
        }
      ]
    },
    {
      "mode": "managed",
      "type": "aws_internet_gateway",
      "name": "my_igw",
      "provider": "provider[\"registry.terraform.io/hashicorp/aws\"]",
      "instances": [
        {
          "schema_version": 0,
          "attributes": {
            "arn": "arn:aws:ec2:ap-southeast-1:851725490509:internet-gateway/igw-0996f3c8e2eb2a210",
            "id": "igw-0996f3c8e2eb2a210",
            "owner_id": "851725490509",
            "tags": {
              "Name": "uat-igw"
            },
            "tags_all": {
              "Managed_by": "Terraform",
              "Name": "uat-igw"
            },
            "timeouts": null,
            "vpc_id": "vpc-0916db76d78c3e5fc"
          },
          "sensitive_attributes": [],
          "private": "eyJlMmJmYjczMC1lY2FhLTExZTYtOGY4OC0zNDM2M2JjN2M0YzAiOnsiY3JlYXRlIjoxMjAwMDAwMDAwMDAwLCJkZWxldGUiOjEyMDAwMDAwMDAwMDAsInVwZGF0ZSI6MTIwMDAwMDAwMDAwMH19",
          "dependencies": [
            "aws_vpc.my_vpc"
          ]
        }
      ]
    },
    {
      "mode": "managed",
      "type": "aws_subnet",
      "name": "my_pubic_subnet",
      "provider": "provider[\"registry.terraform.io/hashicorp/aws\"]",
      "instances": [
        {
          "schema_version": 1,
          "attributes": {
            "arn": "arn:aws:ec2:ap-southeast-1:851725490509:subnet/subnet-066869adf4659cfde",
            "assign_ipv6_address_on_creation": false,
            "availability_zone": "ap-southeast-1a",
            "availability_zone_id": "apse1-az2",
            "cidr_block": "10.0.1.0/24",
            "customer_owned_ipv4_pool": "",
            "enable_dns64": false,
            "enable_lni_at_device_index": 0,
            "enable_resource_name_dns_a_record_on_launch": false,
            "enable_resource_name_dns_aaaa_record_on_launch": false,
            "id": "subnet-066869adf4659cfde",
            "ipv6_cidr_block": "",
            "ipv6_cidr_block_association_id": "",
            "ipv6_native": false,
            "map_customer_owned_ip_on_launch": false,
            "map_public_ip_on_launch": false,
            "outpost_arn": "",
            "owner_id": "851725490509",
            "private_dns_hostname_type_on_launch": "ip-name",
            "tags": {
              "Name": "uat-pub-1"
            },
            "tags_all": {
              "Managed_by": "Terraform",
              "Name": "uat-pub-1"
            },
            "timeouts": null,
            "vpc_id": "vpc-0916db76d78c3e5fc"
          },
          "sensitive_attributes": [],
          "private": "eyJlMmJmYjczMC1lY2FhLTExZTYtOGY4OC0zNDM2M2JjN2M0YzAiOnsiY3JlYXRlIjo2MDAwMDAwMDAwMDAsImRlbGV0ZSI6MTIwMDAwMDAwMDAwMH0sInNjaGVtYV92ZXJzaW9uIjoiMSJ9",
          "dependencies": [
            "aws_vpc.my_vpc"
          ]
        }
      ]
    },
    {
      "mode": "managed",
      "type": "aws_vpc",
      "name": "my_vpc",
      "provider": "provider[\"registry.terraform.io/hashicorp/aws\"]",
      "instances": [
        {
          "schema_version": 1,
          "attributes": {
            "arn": "arn:aws:ec2:ap-southeast-1:851725490509:vpc/vpc-0916db76d78c3e5fc",
            "assign_generated_ipv6_cidr_block": false,
            "cidr_block": "10.0.0.0/16",
            "default_network_acl_id": "acl-062d52b16a16d7a86",
            "default_route_table_id": "rtb-0a5abfc5db1f15364",
            "default_security_group_id": "sg-05d8bd66872b19ade",
            "dhcp_options_id": "dopt-0552794ee29cb6907",
            "enable_dns_hostnames": false,
            "enable_dns_support": true,
            "enable_network_address_usage_metrics": false,
            "id": "vpc-0916db76d78c3e5fc",
            "instance_tenancy": "default",
            "ipv4_ipam_pool_id": null,
            "ipv4_netmask_length": null,
            "ipv6_association_id": "",
            "ipv6_cidr_block": "",
            "ipv6_cidr_block_network_border_group": "",
            "ipv6_ipam_pool_id": "",
            "ipv6_netmask_length": 0,
            "main_route_table_id": "rtb-0a5abfc5db1f15364",
            "owner_id": "851725490509",
            "tags": {
              "Name": "uat-vpc-01"
            },
            "tags_all": {
              "Managed_by": "Terraform",
              "Name": "uat-vpc-01"
            }
          },
          "sensitive_attributes": [],
          "private": "eyJzY2hlbWFfdmVyc2lvbiI6IjEifQ=="
        }
      ]
    }
  ],
  "check_results": null
}
